# THIS IS AN AUTOGENERATED FILE. DO NOT EDIT THIS FILE DIRECTLY.
# yarn lockfile v1


animejs@^3.0.1:
  version "3.0.1"
  resolved "https://registry.yarnpkg.com/animejs/-/animejs-3.0.1.tgz#8b808bad575e3b6106489d8b04b92bc4062166fe"
  integrity sha512-7mMoBQScvA7s4zm3EVgnuXXrtOu6TJNAhU+Ajo7HsXYH0NwbuZIcRHMO65a9NyUlmAXz4VPxlK5cENNOQbCi8g==
